{
  "name": "gal",
  "version": "0.1.0",
  "lockfileVersion": 3,
  "requires": true,
  "packages": {
    "": {
      "name": "gal",
      "version": "0.1.0",
      "license": "MIT",
      "dependencies": {
        "exifreader": "^4.42.0",
        "image-size": "^2.0.2",
        "photoswipe": "^5.4.4"
      },
      "bin": {
        "gal": "bin/gal.js"
      },
      "devDependencies": {
        "playwright-core": "^1.62.1"
      },
      "engines": {
        "node": ">=22"
      }
    },
    "node_modules/@xmldom/xmldom": {
      "version": "0.9.11",
      "resolved": "https://registry.npmjs.org/@xmldom/xmldom/-/xmldom-0.9.11.tgz",
      "integrity": "sha512-tW8bcK3hsG0/uqSnNz6TK4BkcuZSezoU7DlnYssILmZDktPnSHHuDJJFM0AJv+13gz2r0iGdrj6qqKeUnxXEDg==",
      "license": "MIT",
      "optional": true,
      "engines": {
        "node": ">=14.6"
      }
    },
    "node_modules/exifreader": {
      "version": "4.42.0",
      "resolved": "https://registry.npmjs.org/exifreader/-/exifreader-4.42.0.tgz",
      "integrity": "sha512-dvjmG8KvSoMvFCG7XaH+kRgBXUTZxWibdm6ThyjcZbA18pAALPRaLcletWg8wAeYo1E1j46q5cuTsLQJipOqsA==",
      "hasInstallScript": true,
      "license": "MPL-2.0",
      "bin": {
        "exifreader": "bin/cli.js"
      },
      "optionalDependencies": {
        "@xmldom/xmldom": "^0.9.10"
      }
    },
    "node_modules/image-size": {
      "version": "2.0.2",
      "resolved": "https://registry.npmjs.org/image-size/-/image-size-2.0.2.tgz",
      "integrity": "sha512-IRqXKlaXwgSMAMtpNzZa1ZAe8m+Sa1770Dhk8VkSsP9LS+iHD62Zd8FQKs8fbPiagBE7BzoFX23cxFnwshpV6w==",
      "license": "MIT",
      "bin": {
        "image-size": "bin/image-size.js"
      },
      "engines": {
        "node": ">=16.x"
      }
    },
    "node_modules/photoswipe": {
      "version": "5.4.4",
      "resolved": "https://registry.npmjs.org/photoswipe/-/photoswipe-5.4.4.tgz",
      "integrity": "sha512-WNFHoKrkZNnvFFhbHL93WDkW3ifwVOXSW3w1UuZZelSmgXpIGiZSNlZJq37rR8YejqME2rHs9EhH9ZvlvFH2NA==",
      "license": "MIT",
      "engines": {
        "node": ">= 0.12.0"
      }
    },
    "node_modules/playwright-core": {
      "version": "1.62.1",
      "resolved": "https://registry.npmjs.org/playwright-core/-/playwright-core-1.62.1.tgz",
      "integrity": "sha512-wPYSwEBJY9GHraISXqyqtx0na0LpO3XEX7jNDhntbex7tzUS7kLnZsOlFruFJB4Hi/rhDMjXGqHewDZ68nYZVw==",
      "dev": true,
      "license": "Apache-2.0",
      "bin": {
        "playwright-core": "cli.js"
      },
      "engines": {
        "node": ">=20"
      }
    }
  }
}
